
Microsoft Visual Studio Solution File, Format Version 12.00
# Visual Studio Version 17
VisualStudioVersion = 17.11.35327.3
MinimumVisualStudioVersion = 10.0.40219.1
Project("{FAE04EC0-301F-11D3-BF4B-00C04F79EFBC}") = "WebApplication2", "WebApplication2\WebApplication2.csproj", "{5ECBA54B-3787-4DE7-AECC-ADBD1A4B5221}"
EndProject
Global
	GlobalSection(SolutionConfigurationPlatforms) = preSolution
		Debug|Any CPU = Debug|Any CPU
		Release|Any CPU = Release|Any CPU
	EndGlobalSection
	GlobalSection(ProjectConfigurationPlatforms) = postSolution
		{5ECBA54B-3787-4DE7-AECC-ADBD1A4B5221}.Debug|Any CPU.ActiveCfg = Debug|Any CPU
		{5ECBA54B-3787-4DE7-AECC-ADBD1A4B5221}.Debug|Any CPU.Build.0 = Debug|Any CPU
		{5ECBA54B-3787-4DE7-AECC-ADBD1A4B5221}.Release|Any CPU.ActiveCfg = Release|Any CPU
		{5ECBA54B-3787-4DE7-AECC-ADBD1A4B5221}.Release|Any CPU.Build.0 = Release|Any CPU
	EndGlobalSection
	GlobalSection(SolutionProperties) = preSolution
		HideSolutionNode = FALSE
	EndGlobalSection
	GlobalSection(ExtensibilityGlobals) = postSolution
		SolutionGuid = {EB7DD83C-E8A4-4B86-9957-1C6ACDCA9B39}
	EndGlobalSection
EndGlobal
